
Microsoft Visual Studio Solution File, Format Version 12.00
# Visual Studio Version 16
VisualStudioVersion = 16.0.29806.167
MinimumVisualStudioVersion = 10.0.40219.1
Project("{FAE04EC0-301F-11D3-BF4B-00C04F79EFBC}") = "rc-control", "rc-control.csproj", "{6245A8A5-7AEB-4429-A827-1C59FA09AA96}"
EndProject
Global
	GlobalSection(SolutionConfigurationPlatforms) = preSolution
		Debug|Any CPU = Debug|Any CPU
		Release|Any CPU = Release|Any CPU
	EndGlobalSection
	GlobalSection(ProjectConfigurationPlatforms) = postSolution
		{6245A8A5-7AEB-4429-A827-1C59FA09AA96}.Debug|Any CPU.ActiveCfg = Debug|Any CPU
		{6245A8A5-7AEB-4429-A827-1C59FA09AA96}.Debug|Any CPU.Build.0 = Debug|Any CPU
		{6245A8A5-7AEB-4429-A827-1C59FA09AA96}.Release|Any CPU.ActiveCfg = Release|Any CPU
		{6245A8A5-7AEB-4429-A827-1C59FA09AA96}.Release|Any CPU.Build.0 = Release|Any CPU
	EndGlobalSection
	GlobalSection(SolutionProperties) = preSolution
		HideSolutionNode = FALSE
	EndGlobalSection
	GlobalSection(ExtensibilityGlobals) = postSolution
		SolutionGuid = {B12C4F59-3A5C-4484-AFEE-7609497E4D6E}
	EndGlobalSection
EndGlobal
